
Microsoft Visual Studio Solution File, Format Version 12.00
# Visual Studio 2013
VisualStudioVersion = 12.0.31101.0
MinimumVisualStudioVersion = 10.0.40219.1
Project("{FAE04EC0-301F-11D3-BF4B-00C04F79EFBC}") = "DIP.Consumer", "DIP.Consumer\DIP.Consumer.csproj", "{9CE83553-3342-42D1-ADD3-52012360CD5C}"
EndProject
Project("{FAE04EC0-301F-11D3-BF4B-00C04F79EFBC}") = "DIP.Abstractions", "DIP.Abstractions\DIP.Abstractions.csproj", "{16DB9F82-0DF0-47CB-B236-892ED2130A7C}"
EndProject
Project("{FAE04EC0-301F-11D3-BF4B-00C04F79EFBC}") = "DIP.HighLevelModule", "DIP.HighLevelModule\DIP.HighLevelModule.csproj", "{E9B79671-0E18-4977-ABE0-262D9B9A4B4C}"
EndProject
Project("{FAE04EC0-301F-11D3-BF4B-00C04F79EFBC}") = "DIP.MyIoCContainer", "DIP.MyIoCContainer\DIP.MyIoCContainer.csproj", "{03B0AEA9-964D-4424-8A66-E84774C606C2}"
EndProject
Project("{FAE04EC0-301F-11D3-BF4B-00C04F79EFBC}") = "DIP.Implementation", "DIP.Implementation\DIP.Implementation.csproj", "{22DA9C50-4455-42B2-874B-B75329A56BBA}"
EndProject
Global
	GlobalSection(SolutionConfigurationPlatforms) = preSolution
		Debug|Any CPU = Debug|Any CPU
		Release|Any CPU = Release|Any CPU
	EndGlobalSection
	GlobalSection(ProjectConfigurationPlatforms) = postSolution
		{9CE83553-3342-42D1-ADD3-52012360CD5C}.Debug|Any CPU.ActiveCfg = Debug|Any CPU
		{9CE83553-3342-42D1-ADD3-52012360CD5C}.Debug|Any CPU.Build.0 = Debug|Any CPU
		{9CE83553-3342-42D1-ADD3-52012360CD5C}.Release|Any CPU.ActiveCfg = Release|Any CPU
		{9CE83553-3342-42D1-ADD3-52012360CD5C}.Release|Any CPU.Build.0 = Release|Any CPU
		{16DB9F82-0DF0-47CB-B236-892ED2130A7C}.Debug|Any CPU.ActiveCfg = Debug|Any CPU
		{16DB9F82-0DF0-47CB-B236-892ED2130A7C}.Debug|Any CPU.Build.0 = Debug|Any CPU
		{16DB9F82-0DF0-47CB-B236-892ED2130A7C}.Release|Any CPU.ActiveCfg = Release|Any CPU
		{16DB9F82-0DF0-47CB-B236-892ED2130A7C}.Release|Any CPU.Build.0 = Release|Any CPU
		{E9B79671-0E18-4977-ABE0-262D9B9A4B4C}.Debug|Any CPU.ActiveCfg = Debug|Any CPU
		{E9B79671-0E18-4977-ABE0-262D9B9A4B4C}.Debug|Any CPU.Build.0 = Debug|Any CPU
		{E9B79671-0E18-4977-ABE0-262D9B9A4B4C}.Release|Any CPU.ActiveCfg = Release|Any CPU
		{E9B79671-0E18-4977-ABE0-262D9B9A4B4C}.Release|Any CPU.Build.0 = Release|Any CPU
		{03B0AEA9-964D-4424-8A66-E84774C606C2}.Debug|Any CPU.ActiveCfg = Debug|Any CPU
		{03B0AEA9-964D-4424-8A66-E84774C606C2}.Debug|Any CPU.Build.0 = Debug|Any CPU
		{03B0AEA9-964D-4424-8A66-E84774C606C2}.Release|Any CPU.ActiveCfg = Release|Any CPU
		{03B0AEA9-964D-4424-8A66-E84774C606C2}.Release|Any CPU.Build.0 = Release|Any CPU
		{22DA9C50-4455-42B2-874B-B75329A56BBA}.Debug|Any CPU.ActiveCfg = Debug|Any CPU
		{22DA9C50-4455-42B2-874B-B75329A56BBA}.Debug|Any CPU.Build.0 = Debug|Any CPU
		{22DA9C50-4455-42B2-874B-B75329A56BBA}.Release|Any CPU.ActiveCfg = Release|Any CPU
		{22DA9C50-4455-42B2-874B-B75329A56BBA}.Release|Any CPU.Build.0 = Release|Any CPU
	EndGlobalSection
	GlobalSection(SolutionProperties) = preSolution
		HideSolutionNode = FALSE
	EndGlobalSection
EndGlobal
